
Microsoft Visual Studio Solution File, Format Version 12.00
# Visual Studio Version 16
VisualStudioVersion = 16.0.31105.61
MinimumVisualStudioVersion = 10.0.40219.1
Project("{FAE04EC0-301F-11D3-BF4B-00C04F79EFBC}") = "CalculadoraGUI", "CalculadoraGUI.csproj", "{78AFD705-66F4-40CC-A490-DA445ADEF243}"
EndProject
Global
	GlobalSection(SolutionConfigurationPlatforms) = preSolution
		Debug|Any CPU = Debug|Any CPU
		Release|Any CPU = Release|Any CPU
	EndGlobalSection
	GlobalSection(ProjectConfigurationPlatforms) = postSolution
		{78AFD705-66F4-40CC-A490-DA445ADEF243}.Debug|Any CPU.ActiveCfg = Debug|Any CPU
		{78AFD705-66F4-40CC-A490-DA445ADEF243}.Debug|Any CPU.Build.0 = Debug|Any CPU
		{78AFD705-66F4-40CC-A490-DA445ADEF243}.Release|Any CPU.ActiveCfg = Release|Any CPU
		{78AFD705-66F4-40CC-A490-DA445ADEF243}.Release|Any CPU.Build.0 = Release|Any CPU
	EndGlobalSection
	GlobalSection(SolutionProperties) = preSolution
		HideSolutionNode = FALSE
	EndGlobalSection
	GlobalSection(ExtensibilityGlobals) = postSolution
		SolutionGuid = {8E091E37-CBFF-4164-9B3D-E653DCE49023}
	EndGlobalSection
EndGlobal
